
Microsoft Visual Studio Solution File, Format Version 12.00
# Visual Studio 15
VisualStudioVersion = 15.0.28307.960
MinimumVisualStudioVersion = 10.0.40219.1
Project("{8BC9CEB8-8B4A-11D0-8D11-00A0C91BC942}") = "ParallelControlUI", "msvc\ParallelControlUI\ParallelControlUI.vcxproj", "{D0FB3AD4-98D3-4F3A-A2C2-94AB26FCB4A4}"
EndProject
Project("{8BC9CEB8-8B4A-11D0-8D11-00A0C91BC942}") = "MoveServer", "msvc\MoveServer\MoveServer.vcxproj", "{837BD2C8-1202-4395-8070-DCDA77DDFEF4}"
EndProject
Project("{8BC9CEB8-8B4A-11D0-8D11-00A0C91BC942}") = "PositionGenerationAPP", "msvc\PositionGenerationAPP\PositionGenerationAPP.vcxproj", "{E8D7E107-9D26-4A68-A6BC-3FA6F97DDB8D}"
EndProject
Project("{8BC9CEB8-8B4A-11D0-8D11-00A0C91BC942}") = "CircleArray", "msvc\CircleArray\CircleArray.vcxproj", "{49FCE7E6-6EF8-4C47-B17B-F3B78CB6C8F9}"
EndProject
Project("{8BC9CEB8-8B4A-11D0-8D11-00A0C91BC942}") = "thread", "msvc\thread\thread.vcxproj", "{D072E02E-102A-45FC-A501-8C9A0FF4EDCD}"
EndProject
Project("{8BC9CEB8-8B4A-11D0-8D11-00A0C91BC942}") = "VectorArray", "VectorArray\VectorArray.vcxproj", "{2C4AAF16-4907-408A-98F5-F5A24B5B613D}"
EndProject
Global
	GlobalSection(SolutionConfigurationPlatforms) = preSolution
		Debug|x64 = Debug|x64
		Debug|x86 = Debug|x86
		Release|x64 = Release|x64
		Release|x86 = Release|x86
	EndGlobalSection
	GlobalSection(ProjectConfigurationPlatforms) = postSolution
		{D0FB3AD4-98D3-4F3A-A2C2-94AB26FCB4A4}.Debug|x64.ActiveCfg = Debug|Win32
		{D0FB3AD4-98D3-4F3A-A2C2-94AB26FCB4A4}.Debug|x86.ActiveCfg = Debug|Win32
		{D0FB3AD4-98D3-4F3A-A2C2-94AB26FCB4A4}.Debug|x86.Build.0 = Debug|Win32
		{D0FB3AD4-98D3-4F3A-A2C2-94AB26FCB4A4}.Release|x64.ActiveCfg = Release|Win32
		{D0FB3AD4-98D3-4F3A-A2C2-94AB26FCB4A4}.Release|x86.ActiveCfg = Release|Win32
		{D0FB3AD4-98D3-4F3A-A2C2-94AB26FCB4A4}.Release|x86.Build.0 = Release|Win32
		{837BD2C8-1202-4395-8070-DCDA77DDFEF4}.Debug|x64.ActiveCfg = Debug|x64
		{837BD2C8-1202-4395-8070-DCDA77DDFEF4}.Debug|x64.Build.0 = Debug|x64
		{837BD2C8-1202-4395-8070-DCDA77DDFEF4}.Debug|x86.ActiveCfg = Debug|Win32
		{837BD2C8-1202-4395-8070-DCDA77DDFEF4}.Debug|x86.Build.0 = Debug|Win32
		{837BD2C8-1202-4395-8070-DCDA77DDFEF4}.Release|x64.ActiveCfg = Release|x64
		{837BD2C8-1202-4395-8070-DCDA77DDFEF4}.Release|x64.Build.0 = Release|x64
		{837BD2C8-1202-4395-8070-DCDA77DDFEF4}.Release|x86.ActiveCfg = Release|Win32
		{837BD2C8-1202-4395-8070-DCDA77DDFEF4}.Release|x86.Build.0 = Release|Win32
		{E8D7E107-9D26-4A68-A6BC-3FA6F97DDB8D}.Debug|x64.ActiveCfg = Debug|x64
		{E8D7E107-9D26-4A68-A6BC-3FA6F97DDB8D}.Debug|x64.Build.0 = Debug|x64
		{E8D7E107-9D26-4A68-A6BC-3FA6F97DDB8D}.Debug|x86.ActiveCfg = Debug|Win32
		{E8D7E107-9D26-4A68-A6BC-3FA6F97DDB8D}.Debug|x86.Build.0 = Debug|Win32
		{E8D7E107-9D26-4A68-A6BC-3FA6F97DDB8D}.Release|x64.ActiveCfg = Release|x64
		{E8D7E107-9D26-4A68-A6BC-3FA6F97DDB8D}.Release|x64.Build.0 = Release|x64
		{E8D7E107-9D26-4A68-A6BC-3FA6F97DDB8D}.Release|x86.ActiveCfg = Release|Win32
		{E8D7E107-9D26-4A68-A6BC-3FA6F97DDB8D}.Release|x86.Build.0 = Release|Win32
		{49FCE7E6-6EF8-4C47-B17B-F3B78CB6C8F9}.Debug|x64.ActiveCfg = Debug|x64
		{49FCE7E6-6EF8-4C47-B17B-F3B78CB6C8F9}.Debug|x64.Build.0 = Debug|x64
		{49FCE7E6-6EF8-4C47-B17B-F3B78CB6C8F9}.Debug|x86.ActiveCfg = Debug|Win32
		{49FCE7E6-6EF8-4C47-B17B-F3B78CB6C8F9}.Debug|x86.Build.0 = Debug|Win32
		{49FCE7E6-6EF8-4C47-B17B-F3B78CB6C8F9}.Release|x64.ActiveCfg = Release|x64
		{49FCE7E6-6EF8-4C47-B17B-F3B78CB6C8F9}.Release|x64.Build.0 = Release|x64
		{49FCE7E6-6EF8-4C47-B17B-F3B78CB6C8F9}.Release|x86.ActiveCfg = Release|Win32
		{49FCE7E6-6EF8-4C47-B17B-F3B78CB6C8F9}.Release|x86.Build.0 = Release|Win32
		{D072E02E-102A-45FC-A501-8C9A0FF4EDCD}.Debug|x64.ActiveCfg = Debug|x64
		{D072E02E-102A-45FC-A501-8C9A0FF4EDCD}.Debug|x64.Build.0 = Debug|x64
		{D072E02E-102A-45FC-A501-8C9A0FF4EDCD}.Debug|x86.ActiveCfg = Debug|Win32
		{D072E02E-102A-45FC-A501-8C9A0FF4EDCD}.Debug|x86.Build.0 = Debug|Win32
		{D072E02E-102A-45FC-A501-8C9A0FF4EDCD}.Release|x64.ActiveCfg = Release|x64
		{D072E02E-102A-45FC-A501-8C9A0FF4EDCD}.Release|x64.Build.0 = Release|x64
		{D072E02E-102A-45FC-A501-8C9A0FF4EDCD}.Release|x86.ActiveCfg = Release|Win32
		{D072E02E-102A-45FC-A501-8C9A0FF4EDCD}.Release|x86.Build.0 = Release|Win32
		{2C4AAF16-4907-408A-98F5-F5A24B5B613D}.Debug|x64.ActiveCfg = Debug|x64
		{2C4AAF16-4907-408A-98F5-F5A24B5B613D}.Debug|x64.Build.0 = Debug|x64
		{2C4AAF16-4907-408A-98F5-F5A24B5B613D}.Debug|x86.ActiveCfg = Debug|Win32
		{2C4AAF16-4907-408A-98F5-F5A24B5B613D}.Debug|x86.Build.0 = Debug|Win32
		{2C4AAF16-4907-408A-98F5-F5A24B5B613D}.Release|x64.ActiveCfg = Release|x64
		{2C4AAF16-4907-408A-98F5-F5A24B5B613D}.Release|x64.Build.0 = Release|x64
		{2C4AAF16-4907-408A-98F5-F5A24B5B613D}.Release|x86.ActiveCfg = Release|Win32
		{2C4AAF16-4907-408A-98F5-F5A24B5B613D}.Release|x86.Build.0 = Release|Win32
	EndGlobalSection
	GlobalSection(SolutionProperties) = preSolution
		HideSolutionNode = FALSE
	EndGlobalSection
	GlobalSection(ExtensibilityGlobals) = postSolution
		SolutionGuid = {E1C65C4D-83C8-4B37-B39A-98E9CD92B81E}
	EndGlobalSection
EndGlobal
